// !$*UTF8*$!
{
	archiveVersion = 1;
	classes = {
	};
	objectVersion = 46;
	objects = {

/* Begin PBXBuildFile section */
		70069F3C1CE1A51A00992EC5 /* main.m in Sources */ = {isa = PBXBuildFile; fileRef = 70069F3B1CE1A51A00992EC5 /* main.m */; };
		70069F3F1CE1A51A00992EC5 /* AppDelegate.m in Sources */ = {isa = PBXBuildFile; fileRef = 70069F3E1CE1A51A00992EC5 /* AppDelegate.m */; };
		70069F451CE1A51B00992EC5 /* Main.storyboard in Resources */ = {isa = PBXBuildFile; fileRef = 70069F431CE1A51B00992EC5 /* Main.storyboard */; };
		70069F471CE1A51B00992EC5 /* Assets.xcassets in Resources */ = {isa = PBXBuildFile; fileRef = 70069F461CE1A51B00992EC5 /* Assets.xcassets */; };
		70069F4A1CE1A51B00992EC5 /* LaunchScreen.storyboard in Resources */ = {isa = PBXBuildFile; fileRef = 70069F481CE1A51B00992EC5 /* LaunchScreen.storyboard */; };
		702407631D0BF0FB00A43A93 /* UserGuiderViewController.m in Sources */ = {isa = PBXBuildFile; fileRef = 702407621D0BF0FB00A43A93 /* UserGuiderViewController.m */; };
		7078A0781CE2C8070031AC4A /* ScreenShotPop.gif in Resources */ = {isa = PBXBuildFile; fileRef = 7078A0771CE2C8070031AC4A /* ScreenShotPop.gif */; };
		70ABC20420C0DEDD00D9E362 /* UIViewController+GestureStateBlock.m in Sources */ = {isa = PBXBuildFile; fileRef = 70ABC1FC20C0DEDD00D9E362 /* UIViewController+GestureStateBlock.m */; };
		70ABC20820C0DF6C00D9E362 /* WMNavigationController.m in Sources */ = {isa = PBXBuildFile; fileRef = 70ABC20720C0DF6C00D9E362 /* WMNavigationController.m */; };
		70ABC20E20C10CE400D9E362 /* WMScreenShotView.m in Sources */ = {isa = PBXBuildFile; fileRef = 70ABC20D20C10CE400D9E362 /* WMScreenShotView.m */; };
		70ABC21420C1285100D9E362 /* UINavigationController+WMPop.m in Sources */ = {isa = PBXBuildFile; fileRef = 70ABC21320C1285100D9E362 /* UINavigationController+WMPop.m */; };
		BF57BAEA1E287B420053FA4C /* TabBarViewController.m in Sources */ = {isa = PBXBuildFile; fileRef = BF57BAE91E287B420053FA4C /* TabBarViewController.m */; };
		BF57BAF31E287BAD0053FA4C /* PanGestureViewController.m in Sources */ = {isa = PBXBuildFile; fileRef = BF57BAF01E287BAD0053FA4C /* PanGestureViewController.m */; };
		BF57BB001E287C550053FA4C /* ColumnViewController.m in Sources */ = {isa = PBXBuildFile; fileRef = BF57BAF61E287C550053FA4C /* ColumnViewController.m */; };
		BF57BB011E287C550053FA4C /* RecommendViewController.m in Sources */ = {isa = PBXBuildFile; fileRef = BF57BAF91E287C550053FA4C /* RecommendViewController.m */; };
		BF57BB021E287C550053FA4C /* MineViewController.m in Sources */ = {isa = PBXBuildFile; fileRef = BF57BAFC1E287C550053FA4C /* MineViewController.m */; };
		BF57BB031E287C550053FA4C /* OnlineViewController.m in Sources */ = {isa = PBXBuildFile; fileRef = BF57BAFF1E287C550053FA4C /* OnlineViewController.m */; };
		BF57BB051E287C780053FA4C /* RecommendViewController.xib in Resources */ = {isa = PBXBuildFile; fileRef = BF57BB041E287C780053FA4C /* RecommendViewController.xib */; };
		BF57BB081E287D0B0053FA4C /* WithoutNavigationBarViewController.m in Sources */ = {isa = PBXBuildFile; fileRef = BF57BB071E287D0B0053FA4C /* WithoutNavigationBarViewController.m */; };
		BF57BB0B1E287D4A0053FA4C /* WithoutPanGestureViewController.m in Sources */ = {isa = PBXBuildFile; fileRef = BF57BB0A1E287D4A0053FA4C /* WithoutPanGestureViewController.m */; };
		BF57BB101E2880B60053FA4C /* ContainerViewController.m in Sources */ = {isa = PBXBuildFile; fileRef = BF57BB0F1E2880B60053FA4C /* ContainerViewController.m */; };
		BF57BB131E2880E50053FA4C /* DetailViewController.m in Sources */ = {isa = PBXBuildFile; fileRef = BF57BB121E2880E50053FA4C /* DetailViewController.m */; };
		BF57BB1A1E2880FE0053FA4C /* NearbyViewController.m in Sources */ = {isa = PBXBuildFile; fileRef = BF57BB151E2880FE0053FA4C /* NearbyViewController.m */; };
		BF57BB1C1E2880FE0053FA4C /* SquareViewController.m in Sources */ = {isa = PBXBuildFile; fileRef = BF57BB191E2880FE0053FA4C /* SquareViewController.m */; };
		BF57BB1F1E28849D0053FA4C /* RecommendmeViewController.m in Sources */ = {isa = PBXBuildFile; fileRef = BF57BB1E1E28849D0053FA4C /* RecommendmeViewController.m */; };
/* End PBXBuildFile section */

/* Begin PBXFileReference section */
		70069F371CE1A51A00992EC5 /* ScreenShotBack.app */ = {isa = PBXFileReference; explicitFileType = wrapper.application; includeInIndex = 0; path = ScreenShotBack.app; sourceTree = BUILT_PRODUCTS_DIR; };
		70069F3B1CE1A51A00992EC5 /* main.m */ = {isa = PBXFileReference; lastKnownFileType = sourcecode.c.objc; path = main.m; sourceTree = "<group>"; };
		70069F3D1CE1A51A00992EC5 /* AppDelegate.h */ = {isa = PBXFileReference; lastKnownFileType = sourcecode.c.h; path = AppDelegate.h; sourceTree = "<group>"; };
		70069F3E1CE1A51A00992EC5 /* AppDelegate.m */ = {isa = PBXFileReference; lastKnownFileType = sourcecode.c.objc; path = AppDelegate.m; sourceTree = "<group>"; };
		70069F441CE1A51B00992EC5 /* Base */ = {isa = PBXFileReference; lastKnownFileType = file.storyboard; name = Base; path = Base.lproj/Main.storyboard; sourceTree = "<group>"; };
		70069F461CE1A51B00992EC5 /* Assets.xcassets */ = {isa = PBXFileReference; lastKnownFileType = folder.assetcatalog; path = Assets.xcassets; sourceTree = "<group>"; };
		70069F491CE1A51B00992EC5 /* Base */ = {isa = PBXFileReference; lastKnownFileType = file.storyboard; name = Base; path = Base.lproj/LaunchScreen.storyboard; sourceTree = "<group>"; };
		70069F4B1CE1A51C00992EC5 /* Info.plist */ = {isa = PBXFileReference; lastKnownFileType = text.plist.xml; path = Info.plist; sourceTree = "<group>"; };
		70069F511CE1A59900992EC5 /* ScreenShotBack.pch */ = {isa = PBXFileReference; lastKnownFileType = sourcecode.c.h; path = ScreenShotBack.pch; sourceTree = "<group>"; };
		702407611D0BF0FB00A43A93 /* UserGuiderViewController.h */ = {isa = PBXFileReference; fileEncoding = 4; lastKnownFileType = sourcecode.c.h; path = UserGuiderViewController.h; sourceTree = "<group>"; };
		702407621D0BF0FB00A43A93 /* UserGuiderViewController.m */ = {isa = PBXFileReference; fileEncoding = 4; lastKnownFileType = sourcecode.c.objc; path = UserGuiderViewController.m; sourceTree = "<group>"; };
		7078A0771CE2C8070031AC4A /* ScreenShotPop.gif */ = {isa = PBXFileReference; lastKnownFileType = image.gif; path = ScreenShotPop.gif; sourceTree = "<group>"; };
		70ABC1FC20C0DEDD00D9E362 /* UIViewController+GestureStateBlock.m */ = {isa = PBXFileReference; fileEncoding = 4; lastKnownFileType = sourcecode.c.objc; path = "UIViewController+GestureStateBlock.m"; sourceTree = "<group>"; };
		70ABC1FE20C0DEDD00D9E362 /* ScreenShotBackConfig.h */ = {isa = PBXFileReference; fileEncoding = 4; lastKnownFileType = sourcecode.c.h; path = ScreenShotBackConfig.h; sourceTree = "<group>"; };
		70ABC20120C0DEDD00D9E362 /* UIViewController+GestureStateBlock.h */ = {isa = PBXFileReference; fileEncoding = 4; lastKnownFileType = sourcecode.c.h; path = "UIViewController+GestureStateBlock.h"; sourceTree = "<group>"; };
		70ABC20620C0DF6C00D9E362 /* WMNavigationController.h */ = {isa = PBXFileReference; lastKnownFileType = sourcecode.c.h; path = WMNavigationController.h; sourceTree = "<group>"; };
		70ABC20720C0DF6C00D9E362 /* WMNavigationController.m */ = {isa = PBXFileReference; lastKnownFileType = sourcecode.c.objc; path = WMNavigationController.m; sourceTree = "<group>"; };
		70ABC20C20C10CE400D9E362 /* WMScreenShotView.h */ = {isa = PBXFileReference; lastKnownFileType = sourcecode.c.h; path = WMScreenShotView.h; sourceTree = "<group>"; };
		70ABC20D20C10CE400D9E362 /* WMScreenShotView.m */ = {isa = PBXFileReference; lastKnownFileType = sourcecode.c.objc; path = WMScreenShotView.m; sourceTree = "<group>"; };
		70ABC21220C1285100D9E362 /* UINavigationController+WMPop.h */ = {isa = PBXFileReference; lastKnownFileType = sourcecode.c.h; path = "UINavigationController+WMPop.h"; sourceTree = "<group>"; };
		70ABC21320C1285100D9E362 /* UINavigationController+WMPop.m */ = {isa = PBXFileReference; lastKnownFileType = sourcecode.c.objc; path = "UINavigationController+WMPop.m"; sourceTree = "<group>"; };
		BF57BAE81E287B420053FA4C /* TabBarViewController.h */ = {isa = PBXFileReference; fileEncoding = 4; lastKnownFileType = sourcecode.c.h; path = TabBarViewController.h; sourceTree = "<group>"; };
		BF57BAE91E287B420053FA4C /* TabBarViewController.m */ = {isa = PBXFileReference; fileEncoding = 4; lastKnownFileType = sourcecode.c.objc; path = TabBarViewController.m; sourceTree = "<group>"; };
		BF57BAEF1E287BAD0053FA4C /* PanGestureViewController.h */ = {isa = PBXFileReference; fileEncoding = 4; lastKnownFileType = sourcecode.c.h; path = PanGestureViewController.h; sourceTree = "<group>"; };
		BF57BAF01E287BAD0053FA4C /* PanGestureViewController.m */ = {isa = PBXFileReference; fileEncoding = 4; lastKnownFileType = sourcecode.c.objc; path = PanGestureViewController.m; sourceTree = "<group>"; };
		BF57BAF51E287C550053FA4C /* ColumnViewController.h */ = {isa = PBXFileReference; fileEncoding = 4; lastKnownFileType = sourcecode.c.h; path = ColumnViewController.h; sourceTree = "<group>"; };
		BF57BAF61E287C550053FA4C /* ColumnViewController.m */ = {isa = PBXFileReference; fileEncoding = 4; lastKnownFileType = sourcecode.c.objc; path = ColumnViewController.m; sourceTree = "<group>"; };
		BF57BAF81E287C550053FA4C /* RecommendViewController.h */ = {isa = PBXFileReference; fileEncoding = 4; lastKnownFileType = sourcecode.c.h; path = RecommendViewController.h; sourceTree = "<group>"; };
		BF57BAF91E287C550053FA4C /* RecommendViewController.m */ = {isa = PBXFileReference; fileEncoding = 4; lastKnownFileType = sourcecode.c.objc; path = RecommendViewController.m; sourceTree = "<group>"; };
		BF57BAFB1E287C550053FA4C /* MineViewController.h */ = {isa = PBXFileReference; fileEncoding = 4; lastKnownFileType = sourcecode.c.h; path = MineViewController.h; sourceTree = "<group>"; };
		BF57BAFC1E287C550053FA4C /* MineViewController.m */ = {isa = PBXFileReference; fileEncoding = 4; lastKnownFileType = sourcecode.c.objc; path = MineViewController.m; sourceTree = "<group>"; };
		BF57BAFE1E287C550053FA4C /* OnlineViewController.h */ = {isa = PBXFileReference; fileEncoding = 4; lastKnownFileType = sourcecode.c.h; path = OnlineViewController.h; sourceTree = "<group>"; };
		BF57BAFF1E287C550053FA4C /* OnlineViewController.m */ = {isa = PBXFileReference; fileEncoding = 4; lastKnownFileType = sourcecode.c.objc; path = OnlineViewController.m; sourceTree = "<group>"; };
		BF57BB041E287C780053FA4C /* RecommendViewController.xib */ = {isa = PBXFileReference; fileEncoding = 4; lastKnownFileType = file.xib; path = RecommendViewController.xib; sourceTree = "<group>"; };
		BF57BB061E287D0B0053FA4C /* WithoutNavigationBarViewController.h */ = {isa = PBXFileReference; fileEncoding = 4; lastKnownFileType = sourcecode.c.h; path = WithoutNavigationBarViewController.h; sourceTree = "<group>"; };
		BF57BB071E287D0B0053FA4C /* WithoutNavigationBarViewController.m */ = {isa = PBXFileReference; fileEncoding = 4; lastKnownFileType = sourcecode.c.objc; path = WithoutNavigationBarViewController.m; sourceTree = "<group>"; };
		BF57BB091E287D4A0053FA4C /* WithoutPanGestureViewController.h */ = {isa = PBXFileReference; fileEncoding = 4; lastKnownFileType = sourcecode.c.h; path = WithoutPanGestureViewController.h; sourceTree = "<group>"; };
		BF57BB0A1E287D4A0053FA4C /* WithoutPanGestureViewController.m */ = {isa = PBXFileReference; fileEncoding = 4; lastKnownFileType = sourcecode.c.objc; path = WithoutPanGestureViewController.m; sourceTree = "<group>"; };
		BF57BB0E1E2880B60053FA4C /* ContainerViewController.h */ = {isa = PBXFileReference; fileEncoding = 4; lastKnownFileType = sourcecode.c.h; path = ContainerViewController.h; sourceTree = "<group>"; };
		BF57BB0F1E2880B60053FA4C /* ContainerViewController.m */ = {isa = PBXFileReference; fileEncoding = 4; lastKnownFileType = sourcecode.c.objc; path = ContainerViewController.m; sourceTree = "<group>"; };
		BF57BB111E2880E50053FA4C /* DetailViewController.h */ = {isa = PBXFileReference; fileEncoding = 4; lastKnownFileType = sourcecode.c.h; path = DetailViewController.h; sourceTree = "<group>"; };
		BF57BB121E2880E50053FA4C /* DetailViewController.m */ = {isa = PBXFileReference; fileEncoding = 4; lastKnownFileType = sourcecode.c.objc; path = DetailViewController.m; sourceTree = "<group>"; };
		BF57BB141E2880FE0053FA4C /* NearbyViewController.h */ = {isa = PBXFileReference; fileEncoding = 4; lastKnownFileType = sourcecode.c.h; path = NearbyViewController.h; sourceTree = "<group>"; };
		BF57BB151E2880FE0053FA4C /* NearbyViewController.m */ = {isa = PBXFileReference; fileEncoding = 4; lastKnownFileType = sourcecode.c.objc; path = NearbyViewController.m; sourceTree = "<group>"; };
		BF57BB181E2880FE0053FA4C /* SquareViewController.h */ = {isa = PBXFileReference; fileEncoding = 4; lastKnownFileType = sourcecode.c.h; path = SquareViewController.h; sourceTree = "<group>"; };
		BF57BB191E2880FE0053FA4C /* SquareViewController.m */ = {isa = PBXFileReference; fileEncoding = 4; lastKnownFileType = sourcecode.c.objc; path = SquareViewController.m; sourceTree = "<group>"; };
		BF57BB1D1E28849D0053FA4C /* RecommendmeViewController.h */ = {isa = PBXFileReference; fileEncoding = 4; lastKnownFileType = sourcecode.c.h; path = RecommendmeViewController.h; sourceTree = "<group>"; };
		BF57BB1E1E28849D0053FA4C /* RecommendmeViewController.m */ = {isa = PBXFileReference; fileEncoding = 4; lastKnownFileType = sourcecode.c.objc; path = RecommendmeViewController.m; sourceTree = "<group>"; };
/* End PBXFileReference section */

/* Begin PBXFrameworksBuildPhase section */
		70069F341CE1A51A00992EC5 /* Frameworks */ = {
			isa = PBXFrameworksBuildPhase;
			buildActionMask = 2147483647;
			files = (
			);
			runOnlyForDeploymentPostprocessing = 0;
		};
/* End PBXFrameworksBuildPhase section */

/* Begin PBXGroup section */
		70069F2E1CE1A51900992EC5 = {
			isa = PBXGroup;
			children = (
				70069F391CE1A51A00992EC5 /* ScreenShotBack */,
				70069F381CE1A51A00992EC5 /* Products */,
			);
			sourceTree = "<group>";
		};
		70069F381CE1A51A00992EC5 /* Products */ = {
			isa = PBXGroup;
			children = (
				70069F371CE1A51A00992EC5 /* ScreenShotBack.app */,
			);
			name = Products;
			sourceTree = "<group>";
		};
		70069F391CE1A51A00992EC5 /* ScreenShotBack */ = {
			isa = PBXGroup;
			children = (
				70ABC1F820C0DEDD00D9E362 /* WMScreenShotBack */,
				70069F3D1CE1A51A00992EC5 /* AppDelegate.h */,
				70069F3E1CE1A51A00992EC5 /* AppDelegate.m */,
				70069F5F1CE1ACB300992EC5 /* ViewController */,
				70069F431CE1A51B00992EC5 /* Main.storyboard */,
				70069F461CE1A51B00992EC5 /* Assets.xcassets */,
				70069F481CE1A51B00992EC5 /* LaunchScreen.storyboard */,
				70069F4B1CE1A51C00992EC5 /* Info.plist */,
				70069F3A1CE1A51A00992EC5 /* Supporting Files */,
			);
			path = ScreenShotBack;
			sourceTree = "<group>";
		};
		70069F3A1CE1A51A00992EC5 /* Supporting Files */ = {
			isa = PBXGroup;
			children = (
				70069F3B1CE1A51A00992EC5 /* main.m */,
				7078A0771CE2C8070031AC4A /* ScreenShotPop.gif */,
				70069F511CE1A59900992EC5 /* ScreenShotBack.pch */,
			);
			name = "Supporting Files";
			sourceTree = "<group>";
		};
		70069F5F1CE1ACB300992EC5 /* ViewController */ = {
			isa = PBXGroup;
			children = (
				BF57BB091E287D4A0053FA4C /* WithoutPanGestureViewController.h */,
				BF57BB0A1E287D4A0053FA4C /* WithoutPanGestureViewController.m */,
				BF57BB061E287D0B0053FA4C /* WithoutNavigationBarViewController.h */,
				BF57BB071E287D0B0053FA4C /* WithoutNavigationBarViewController.m */,
				BF57BAEF1E287BAD0053FA4C /* PanGestureViewController.h */,
				BF57BAF01E287BAD0053FA4C /* PanGestureViewController.m */,
				BF57BAE71E287B420053FA4C /* UITabbarController */,
				BF57BAF71E287C550053FA4C /* 推荐 */,
				BF57BAF41E287C550053FA4C /* 栏目 */,
				BF57BAFD1E287C550053FA4C /* 直播 */,
				BF57BAFA1E287C550053FA4C /* 我的 */,
				702407601D0BF0E000A43A93 /* UserGuiderViewController */,
			);
			path = ViewController;
			sourceTree = "<group>";
		};
		702407601D0BF0E000A43A93 /* UserGuiderViewController */ = {
			isa = PBXGroup;
			children = (
				702407611D0BF0FB00A43A93 /* UserGuiderViewController.h */,
				702407621D0BF0FB00A43A93 /* UserGuiderViewController.m */,
			);
			path = UserGuiderViewController;
			sourceTree = "<group>";
		};
		70ABC1F820C0DEDD00D9E362 /* WMScreenShotBack */ = {
			isa = PBXGroup;
			children = (
				70ABC20620C0DF6C00D9E362 /* WMNavigationController.h */,
				70ABC20720C0DF6C00D9E362 /* WMNavigationController.m */,
				70ABC20C20C10CE400D9E362 /* WMScreenShotView.h */,
				70ABC20D20C10CE400D9E362 /* WMScreenShotView.m */,
				70ABC1FE20C0DEDD00D9E362 /* ScreenShotBackConfig.h */,
				70ABC20120C0DEDD00D9E362 /* UIViewController+GestureStateBlock.h */,
				70ABC1FC20C0DEDD00D9E362 /* UIViewController+GestureStateBlock.m */,
				70ABC21220C1285100D9E362 /* UINavigationController+WMPop.h */,
				70ABC21320C1285100D9E362 /* UINavigationController+WMPop.m */,
			);
			path = WMScreenShotBack;
			sourceTree = "<group>";
		};
		BF57BAE71E287B420053FA4C /* UITabbarController */ = {
			isa = PBXGroup;
			children = (
				BF57BAE81E287B420053FA4C /* TabBarViewController.h */,
				BF57BAE91E287B420053FA4C /* TabBarViewController.m */,
			);
			path = UITabbarController;
			sourceTree = "<group>";
		};
		BF57BAF41E287C550053FA4C /* 栏目 */ = {
			isa = PBXGroup;
			children = (
				BF57BB0C1E2880330053FA4C /* 手势冲突测试 */,
				BF57BAF51E287C550053FA4C /* ColumnViewController.h */,
				BF57BAF61E287C550053FA4C /* ColumnViewController.m */,
			);
			path = "栏目";
			sourceTree = "<group>";
		};
		BF57BAF71E287C550053FA4C /* 推荐 */ = {
			isa = PBXGroup;
			children = (
				BF57BAF81E287C550053FA4C /* RecommendViewController.h */,
				BF57BAF91E287C550053FA4C /* RecommendViewController.m */,
				BF57BB041E287C780053FA4C /* RecommendViewController.xib */,
			);
			path = "推荐";
			sourceTree = "<group>";
		};
		BF57BAFA1E287C550053FA4C /* 我的 */ = {
			isa = PBXGroup;
			children = (
				BF57BAFB1E287C550053FA4C /* MineViewController.h */,
				BF57BAFC1E287C550053FA4C /* MineViewController.m */,
			);
			path = "我的";
			sourceTree = "<group>";
		};
		BF57BAFD1E287C550053FA4C /* 直播 */ = {
			isa = PBXGroup;
			children = (
				BF57BAFE1E287C550053FA4C /* OnlineViewController.h */,
				BF57BAFF1E287C550053FA4C /* OnlineViewController.m */,
			);
			path = "直播";
			sourceTree = "<group>";
		};
		BF57BB0C1E2880330053FA4C /* 手势冲突测试 */ = {
			isa = PBXGroup;
			children = (
				BF57BB111E2880E50053FA4C /* DetailViewController.h */,
				BF57BB121E2880E50053FA4C /* DetailViewController.m */,
				BF57BB0D1E28807A0053FA4C /* childrenVC */,
				BF57BB0E1E2880B60053FA4C /* ContainerViewController.h */,
				BF57BB0F1E2880B60053FA4C /* ContainerViewController.m */,
			);
			path = "手势冲突测试";
			sourceTree = "<group>";
		};
		BF57BB0D1E28807A0053FA4C /* childrenVC */ = {
			isa = PBXGroup;
			children = (
				BF57BB141E2880FE0053FA4C /* NearbyViewController.h */,
				BF57BB151E2880FE0053FA4C /* NearbyViewController.m */,
				BF57BB1D1E28849D0053FA4C /* RecommendmeViewController.h */,
				BF57BB1E1E28849D0053FA4C /* RecommendmeViewController.m */,
				BF57BB181E2880FE0053FA4C /* SquareViewController.h */,
				BF57BB191E2880FE0053FA4C /* SquareViewController.m */,
			);
			path = childrenVC;
			sourceTree = "<group>";
		};
/* End PBXGroup section */

/* Begin PBXNativeTarget section */
		70069F361CE1A51A00992EC5 /* ScreenShotBack */ = {
			isa = PBXNativeTarget;
			buildConfigurationList = 70069F4E1CE1A51C00992EC5 /* Build configuration list for PBXNativeTarget "ScreenShotBack" */;
			buildPhases = (
				70069F331CE1A51A00992EC5 /* Sources */,
				70069F341CE1A51A00992EC5 /* Frameworks */,
				70069F351CE1A51A00992EC5 /* Resources */,
			);
			buildRules = (
			);
			dependencies = (
			);
			name = ScreenShotBack;
			productName = ScreenShotBack;
			productReference = 70069F371CE1A51A00992EC5 /* ScreenShotBack.app */;
			productType = "com.apple.product-type.application";
		};
/* End PBXNativeTarget section */

/* Begin PBXProject section */
		70069F2F1CE1A51900992EC5 /* Project object */ = {
			isa = PBXProject;
			attributes = {
				LastUpgradeCheck = 0720;
				ORGANIZATIONNAME = "郑文明";
				TargetAttributes = {
					70069F361CE1A51A00992EC5 = {
						CreatedOnToolsVersion = 7.2;
						DevelopmentTeam = 7D992WX2BB;
						SystemCapabilities = {
							com.apple.BackgroundModes = {
								enabled = 0;
							};
						};
					};
				};
			};
			buildConfigurationList = 70069F321CE1A51900992EC5 /* Build configuration list for PBXProject "ScreenShotBack" */;
			compatibilityVersion = "Xcode 3.2";
			developmentRegion = English;
			hasScannedForEncodings = 0;
			knownRegions = (
				en,
				Base,
			);
			mainGroup = 70069F2E1CE1A51900992EC5;
			productRefGroup = 70069F381CE1A51A00992EC5 /* Products */;
			projectDirPath = "";
			projectRoot = "";
			targets = (
				70069F361CE1A51A00992EC5 /* ScreenShotBack */,
			);
		};
/* End PBXProject section */

/* Begin PBXResourcesBuildPhase section */
		70069F351CE1A51A00992EC5 /* Resources */ = {
			isa = PBXResourcesBuildPhase;
			buildActionMask = 2147483647;
			files = (
				70069F4A1CE1A51B00992EC5 /* LaunchScreen.storyboard in Resources */,
				7078A0781CE2C8070031AC4A /* ScreenShotPop.gif in Resources */,
				70069F471CE1A51B00992EC5 /* Assets.xcassets in Resources */,
				70069F451CE1A51B00992EC5 /* Main.storyboard in Resources */,
				BF57BB051E287C780053FA4C /* RecommendViewController.xib in Resources */,
			);
			runOnlyForDeploymentPostprocessing = 0;
		};
/* End PBXResourcesBuildPhase section */

/* Begin PBXSourcesBuildPhase section */
		70069F331CE1A51A00992EC5 /* Sources */ = {
			isa = PBXSourcesBuildPhase;
			buildActionMask = 2147483647;
			files = (
				BF57BAF31E287BAD0053FA4C /* PanGestureViewController.m in Sources */,
				70ABC21420C1285100D9E362 /* UINavigationController+WMPop.m in Sources */,
				BF57BB081E287D0B0053FA4C /* WithoutNavigationBarViewController.m in Sources */,
				BF57BB131E2880E50053FA4C /* DetailViewController.m in Sources */,
				70069F3F1CE1A51A00992EC5 /* AppDelegate.m in Sources */,
				70ABC20820C0DF6C00D9E362 /* WMNavigationController.m in Sources */,
				70069F3C1CE1A51A00992EC5 /* main.m in Sources */,
				70ABC20E20C10CE400D9E362 /* WMScreenShotView.m in Sources */,
				BF57BB031E287C550053FA4C /* OnlineViewController.m in Sources */,
				BF57BB1A1E2880FE0053FA4C /* NearbyViewController.m in Sources */,
				BF57BB1C1E2880FE0053FA4C /* SquareViewController.m in Sources */,
				BF57BB1F1E28849D0053FA4C /* RecommendmeViewController.m in Sources */,
				BF57BB0B1E287D4A0053FA4C /* WithoutPanGestureViewController.m in Sources */,
				702407631D0BF0FB00A43A93 /* UserGuiderViewController.m in Sources */,
				BF57BB001E287C550053FA4C /* ColumnViewController.m in Sources */,
				BF57BAEA1E287B420053FA4C /* TabBarViewController.m in Sources */,
				70ABC20420C0DEDD00D9E362 /* UIViewController+GestureStateBlock.m in Sources */,
				BF57BB021E287C550053FA4C /* MineViewController.m in Sources */,
				BF57BB011E287C550053FA4C /* RecommendViewController.m in Sources */,
				BF57BB101E2880B60053FA4C /* ContainerViewController.m in Sources */,
			);
			runOnlyForDeploymentPostprocessing = 0;
		};
/* End PBXSourcesBuildPhase section */

/* Begin PBXVariantGroup section */
		70069F431CE1A51B00992EC5 /* Main.storyboard */ = {
			isa = PBXVariantGroup;
			children = (
				70069F441CE1A51B00992EC5 /* Base */,
			);
			name = Main.storyboard;
			sourceTree = "<group>";
		};
		70069F481CE1A51B00992EC5 /* LaunchScreen.storyboard */ = {
			isa = PBXVariantGroup;
			children = (
				70069F491CE1A51B00992EC5 /* Base */,
			);
			name = LaunchScreen.storyboard;
			sourceTree = "<group>";
		};
/* End PBXVariantGroup section */

/* Begin XCBuildConfiguration section */
		70069F4C1CE1A51C00992EC5 /* Debug */ = {
			isa = XCBuildConfiguration;
			buildSettings = {
				ALWAYS_SEARCH_USER_PATHS = NO;
				CLANG_CXX_LANGUAGE_STANDARD = "gnu++0x";
				CLANG_CXX_LIBRARY = "libc++";
				CLANG_ENABLE_MODULES = YES;
				CLANG_ENABLE_OBJC_ARC = YES;
				CLANG_WARN_BOOL_CONVERSION = YES;
				CLANG_WARN_CONSTANT_CONVERSION = YES;
				CLANG_WARN_DIRECT_OBJC_ISA_USAGE = YES_ERROR;
				CLANG_WARN_EMPTY_BODY = YES;
				CLANG_WARN_ENUM_CONVERSION = YES;
				CLANG_WARN_INT_CONVERSION = YES;
				CLANG_WARN_OBJC_ROOT_CLASS = YES_ERROR;
				CLANG_WARN_UNREACHABLE_CODE = YES;
				CLANG_WARN__DUPLICATE_METHOD_MATCH = YES;
				"CODE_SIGN_IDENTITY[sdk=iphoneos*]" = "iPhone Developer";
				COPY_PHASE_STRIP = NO;
				DEBUG_INFORMATION_FORMAT = dwarf;
				ENABLE_STRICT_OBJC_MSGSEND = YES;
				ENABLE_TESTABILITY = YES;
				GCC_C_LANGUAGE_STANDARD = gnu99;
				GCC_DYNAMIC_NO_PIC = NO;
				GCC_NO_COMMON_BLOCKS = YES;
				GCC_OPTIMIZATION_LEVEL = 0;
				GCC_PREPROCESSOR_DEFINITIONS = (
					"DEBUG=1",
					"$(inherited)",
				);
				GCC_WARN_64_TO_32_BIT_CONVERSION = YES;
				GCC_WARN_ABOUT_RETURN_TYPE = YES_ERROR;
				GCC_WARN_UNDECLARED_SELECTOR = YES;
				GCC_WARN_UNINITIALIZED_AUTOS = YES_AGGRESSIVE;
				GCC_WARN_UNUSED_FUNCTION = YES;
				GCC_WARN_UNUSED_VARIABLE = YES;
				IPHONEOS_DEPLOYMENT_TARGET = 7.0;
				MTL_ENABLE_DEBUG_INFO = YES;
				ONLY_ACTIVE_ARCH = YES;
				SDKROOT = iphoneos;
			};
			name = Debug;
		};
		70069F4D1CE1A51C00992EC5 /* Release */ = {
			isa = XCBuildConfiguration;
			buildSettings = {
				ALWAYS_SEARCH_USER_PATHS = NO;
				CLANG_CXX_LANGUAGE_STANDARD = "gnu++0x";
				CLANG_CXX_LIBRARY = "libc++";
				CLANG_ENABLE_MODULES = YES;
				CLANG_ENABLE_OBJC_ARC = YES;
				CLANG_WARN_BOOL_CONVERSION = YES;
				CLANG_WARN_CONSTANT_CONVERSION = YES;
				CLANG_WARN_DIRECT_OBJC_ISA_USAGE = YES_ERROR;
				CLANG_WARN_EMPTY_BODY = YES;
				CLANG_WARN_ENUM_CONVERSION = YES;
				CLANG_WARN_INT_CONVERSION = YES;
				CLANG_WARN_OBJC_ROOT_CLASS = YES_ERROR;
				CLANG_WARN_UNREACHABLE_CODE = YES;
				CLANG_WARN__DUPLICATE_METHOD_MATCH = YES;
				"CODE_SIGN_IDENTITY[sdk=iphoneos*]" = "iPhone Developer";
				COPY_PHASE_STRIP = NO;
				DEBUG_INFORMATION_FORMAT = "dwarf-with-dsym";
				ENABLE_NS_ASSERTIONS = NO;
				ENABLE_STRICT_OBJC_MSGSEND = YES;
				GCC_C_LANGUAGE_STANDARD = gnu99;
				GCC_NO_COMMON_BLOCKS = YES;
				GCC_WARN_64_TO_32_BIT_CONVERSION = YES;
				GCC_WARN_ABOUT_RETURN_TYPE = YES_ERROR;
				GCC_WARN_UNDECLARED_SELECTOR = YES;
				GCC_WARN_UNINITIALIZED_AUTOS = YES_AGGRESSIVE;
				GCC_WARN_UNUSED_FUNCTION = YES;
				GCC_WARN_UNUSED_VARIABLE = YES;
				IPHONEOS_DEPLOYMENT_TARGET = 7.0;
				MTL_ENABLE_DEBUG_INFO = NO;
				SDKROOT = iphoneos;
				VALIDATE_PRODUCT = YES;
			};
			name = Release;
		};
		70069F4F1CE1A51C00992EC5 /* Debug */ = {
			isa = XCBuildConfiguration;
			buildSettings = {
				ASSETCATALOG_COMPILER_APPICON_NAME = AppIcon;
				DEVELOPMENT_TEAM = 7D992WX2BB;
				GCC_PREFIX_HEADER = ScreenShotBack/ScreenShotBack.pch;
				INFOPLIST_FILE = ScreenShotBack/Info.plist;
				IPHONEOS_DEPLOYMENT_TARGET = 7.0;
				LD_RUNPATH_SEARCH_PATHS = "$(inherited) @executable_path/Frameworks";
				PRODUCT_BUNDLE_IDENTIFIER = com.wenming.ScreenShotBack;
				PRODUCT_NAME = "$(TARGET_NAME)";
			};
			name = Debug;
		};
		70069F501CE1A51C00992EC5 /* Release */ = {
			isa = XCBuildConfiguration;
			buildSettings = {
				ASSETCATALOG_COMPILER_APPICON_NAME = AppIcon;
				DEVELOPMENT_TEAM = 7D992WX2BB;
				GCC_PREFIX_HEADER = ScreenShotBack/ScreenShotBack.pch;
				INFOPLIST_FILE = ScreenShotBack/Info.plist;
				IPHONEOS_DEPLOYMENT_TARGET = 7.0;
				LD_RUNPATH_SEARCH_PATHS = "$(inherited) @executable_path/Frameworks";
				PRODUCT_BUNDLE_IDENTIFIER = com.wenming.ScreenShotBack;
				PRODUCT_NAME = "$(TARGET_NAME)";
			};
			name = Release;
		};
/* End XCBuildConfiguration section */

/* Begin XCConfigurationList section */
		70069F321CE1A51900992EC5 /* Build configuration list for PBXProject "ScreenShotBack" */ = {
			isa = XCConfigurationList;
			buildConfigurations = (
				70069F4C1CE1A51C00992EC5 /* Debug */,
				70069F4D1CE1A51C00992EC5 /* Release */,
			);
			defaultConfigurationIsVisible = 0;
			defaultConfigurationName = Release;
		};
		70069F4E1CE1A51C00992EC5 /* Build configuration list for PBXNativeTarget "ScreenShotBack" */ = {
			isa = XCConfigurationList;
			buildConfigurations = (
				70069F4F1CE1A51C00992EC5 /* Debug */,
				70069F501CE1A51C00992EC5 /* Release */,
			);
			defaultConfigurationIsVisible = 0;
			defaultConfigurationName = Release;
		};
/* End XCConfigurationList section */
	};
	rootObject = 70069F2F1CE1A51900992EC5 /* Project object */;
}
